// !$*UTF8*$!
{
	objectVersion = 56;
	classes = {
	};
	archiveVersion = 1;
	objects = {

/* Begin PBXBuildFile section */
		A00000000000000000000011 /* WeatherXApp.swift in Sources */ = {isa = PBXBuildFile; fileRef = A00000000000000000000001 /* WeatherXApp.swift */; };
		A00000000000000000000012 /* WeatherCondition.swift in Sources */ = {isa = PBXBuildFile; fileRef = A00000000000000000000002 /* WeatherCondition.swift */; };
		A00000000000000000000013 /* WeatherSettings.swift in Sources */ = {isa = PBXBuildFile; fileRef = A00000000000000000000003 /* WeatherSettings.swift */; };
		A00000000000000000000014 /* WeatherViewModel.swift in Sources */ = {isa = PBXBuildFile; fileRef = A00000000000000000000004 /* WeatherViewModel.swift */; };
		A00000000000000000000015 /* MenuContentView.swift in Sources */ = {isa = PBXBuildFile; fileRef = A00000000000000000000005 /* MenuContentView.swift */; };
		A00000000000000000000016 /* StatusItemTestHarnessView.swift in Sources */ = {isa = PBXBuildFile; fileRef = A00000000000000000000006 /* StatusItemTestHarnessView.swift */; };
		A00000000000000000000017 /* Assets.xcassets in Resources */ = {isa = PBXBuildFile; fileRef = A00000000000000000000007 /* Assets.xcassets */; };
		A00000000000000000000018 /* WeatherViewModelTests.swift in Sources */ = {isa = PBXBuildFile; fileRef = A00000000000000000000008 /* WeatherViewModelTests.swift */; };
		A00000000000000000000019 /* XCTest.framework in Frameworks */ = {isa = PBXBuildFile; fileRef = A0000000000000000000000A /* XCTest.framework */; };
		A0000000000000000000001A /* weatherXUITests.swift in Sources */ = {isa = PBXBuildFile; fileRef = A00000000000000000000009 /* weatherXUITests.swift */; };
		A0000000000000000000001B /* XCTest.framework in Frameworks */ = {isa = PBXBuildFile; fileRef = A0000000000000000000000A /* XCTest.framework */; };
/* End PBXBuildFile section */

/* Begin PBXContainerItemProxy section */
		A00000000000000000000031 /* PBXContainerItemProxy */ = {
			isa = PBXContainerItemProxy;
			containerPortal = A00000000000000000000020 /* Project object */;
			proxyType = 1;
			remoteGlobalIDString = A00000000000000000000024;
			remoteInfo = weatherX;
		};
		A00000000000000000000032 /* PBXContainerItemProxy */ = {
			isa = PBXContainerItemProxy;
			containerPortal = A00000000000000000000020 /* Project object */;
			proxyType = 1;
			remoteGlobalIDString = A00000000000000000000024;
			remoteInfo = weatherX;
		};
/* End PBXContainerItemProxy section */

/* Begin PBXFileReference section */
		A00000000000000000000001 /* WeatherXApp.swift */ = {isa = PBXFileReference; lastKnownFileType = sourcecode.swift; path = WeatherXApp.swift; sourceTree = "<group>"; };
		A00000000000000000000002 /* WeatherCondition.swift */ = {isa = PBXFileReference; lastKnownFileType = sourcecode.swift; path = WeatherCondition.swift; sourceTree = "<group>"; };
		A00000000000000000000003 /* WeatherSettings.swift */ = {isa = PBXFileReference; lastKnownFileType = sourcecode.swift; path = WeatherSettings.swift; sourceTree = "<group>"; };
		A00000000000000000000004 /* WeatherViewModel.swift */ = {isa = PBXFileReference; lastKnownFileType = sourcecode.swift; path = WeatherViewModel.swift; sourceTree = "<group>"; };
		A00000000000000000000005 /* MenuContentView.swift */ = {isa = PBXFileReference; lastKnownFileType = sourcecode.swift; path = MenuContentView.swift; sourceTree = "<group>"; };
		A00000000000000000000006 /* StatusItemTestHarnessView.swift */ = {isa = PBXFileReference; lastKnownFileType = sourcecode.swift; path = StatusItemTestHarnessView.swift; sourceTree = "<group>"; };
		A00000000000000000000007 /* Assets.xcassets */ = {isa = PBXFileReference; lastKnownFileType = folder.assetcatalog; path = Assets.xcassets; sourceTree = "<group>"; };
		A00000000000000000000008 /* WeatherViewModelTests.swift */ = {isa = PBXFileReference; lastKnownFileType = sourcecode.swift; path = WeatherViewModelTests.swift; sourceTree = "<group>"; };
		A00000000000000000000009 /* weatherXUITests.swift */ = {isa = PBXFileReference; lastKnownFileType = sourcecode.swift; path = weatherXUITests.swift; sourceTree = "<group>"; };
		A0000000000000000000000A /* XCTest.framework */ = {isa = PBXFileReference; lastKnownFileType = wrapper.framework; name = XCTest.framework; path = Platforms/MacOSX.platform/Developer/Library/Frameworks/XCTest.framework; sourceTree = DEVELOPER_DIR; };
		A0000000000000000000000B /* WeatherBarX.app */ = {isa = PBXFileReference; explicitFileType = wrapper.application; includeInIndex = 0; path = WeatherBarX.app; sourceTree = BUILT_PRODUCTS_DIR; };
		A0000000000000000000000C /* weatherXTests.xctest */ = {isa = PBXFileReference; explicitFileType = wrapper.cfbundle; includeInIndex = 0; path = weatherXTests.xctest; sourceTree = BUILT_PRODUCTS_DIR; };
		A0000000000000000000000D /* weatherXUITests.xctest */ = {isa = PBXFileReference; explicitFileType = wrapper.cfbundle; includeInIndex = 0; path = weatherXUITests.xctest; sourceTree = BUILT_PRODUCTS_DIR; };
/* End PBXFileReference section */

/* Begin PBXFrameworksBuildPhase section */
		A00000000000000000000041 /* Frameworks */ = {
			isa = PBXFrameworksBuildPhase;
			buildActionMask = 2147483647;
			files = (
			);
			runOnlyForDeploymentPostprocessing = 0;
		};
		A00000000000000000000042 /* Frameworks */ = {
			isa = PBXFrameworksBuildPhase;
			buildActionMask = 2147483647;
			files = (
				A00000000000000000000019 /* XCTest.framework in Frameworks */,
			);
			runOnlyForDeploymentPostprocessing = 0;
		};
		A00000000000000000000043 /* Frameworks */ = {
			isa = PBXFrameworksBuildPhase;
			buildActionMask = 2147483647;
			files = (
				A0000000000000000000001B /* XCTest.framework in Frameworks */,
			);
			runOnlyForDeploymentPostprocessing = 0;
		};
/* End PBXFrameworksBuildPhase section */

/* Begin PBXGroup section */
		A00000000000000000000021 = {
			isa = PBXGroup;
			children = (
				A00000000000000000000022 /* weatherX */,
				A00000000000000000000023 /* weatherXTests */,
				A00000000000000000000033 /* weatherXUITests */,
				A00000000000000000000034 /* Frameworks */,
				A00000000000000000000035 /* Products */,
			);
			sourceTree = "<group>";
		};
		A00000000000000000000022 /* weatherX */ = {
			isa = PBXGroup;
			children = (
				A00000000000000000000001 /* WeatherXApp.swift */,
				A00000000000000000000002 /* WeatherCondition.swift */,
				A00000000000000000000003 /* WeatherSettings.swift */,
				A00000000000000000000004 /* WeatherViewModel.swift */,
				A00000000000000000000005 /* MenuContentView.swift */,
				A00000000000000000000006 /* StatusItemTestHarnessView.swift */,
				A00000000000000000000007 /* Assets.xcassets */,
			);
			path = weatherX;
			sourceTree = "<group>";
		};
		A00000000000000000000023 /* weatherXTests */ = {
			isa = PBXGroup;
			children = (
				A00000000000000000000008 /* WeatherViewModelTests.swift */,
			);
			path = weatherXTests;
			sourceTree = "<group>";
		};
		A00000000000000000000033 /* weatherXUITests */ = {
			isa = PBXGroup;
			children = (
				A00000000000000000000009 /* weatherXUITests.swift */,
			);
			path = weatherXUITests;
			sourceTree = "<group>";
		};
		A00000000000000000000034 /* Frameworks */ = {
			isa = PBXGroup;
			children = (
				A0000000000000000000000A /* XCTest.framework */,
			);
			name = Frameworks;
			sourceTree = "<group>";
		};
		A00000000000000000000035 /* Products */ = {
			isa = PBXGroup;
			children = (
				A0000000000000000000000B /* WeatherBarX.app */,
				A0000000000000000000000C /* weatherXTests.xctest */,
				A0000000000000000000000D /* weatherXUITests.xctest */,
			);
			name = Products;
			sourceTree = "<group>";
		};
/* End PBXGroup section */

/* Begin PBXNativeTarget section */
		A00000000000000000000024 /* weatherX */ = {
			isa = PBXNativeTarget;
			buildConfigurationList = A00000000000000000000051 /* Build configuration list for PBXNativeTarget "weatherX" */;
			buildPhases = (
				A00000000000000000000044 /* Sources */,
				A00000000000000000000041 /* Frameworks */,
				A00000000000000000000047 /* Resources */,
			);
			buildRules = (
			);
			dependencies = (
			);
			name = weatherX;
			productName = weatherX;
			productReference = A0000000000000000000000B /* WeatherBarX.app */;
			productType = "com.apple.product-type.application";
		};
		A00000000000000000000025 /* weatherXTests */ = {
			isa = PBXNativeTarget;
			buildConfigurationList = A00000000000000000000052 /* Build configuration list for PBXNativeTarget "weatherXTests" */;
			buildPhases = (
				A00000000000000000000045 /* Sources */,
				A00000000000000000000042 /* Frameworks */,
				A00000000000000000000048 /* Resources */,
			);
			buildRules = (
			);
			dependencies = (
				A00000000000000000000061 /* PBXTargetDependency */,
			);
			name = weatherXTests;
			productName = weatherXTests;
			productReference = A0000000000000000000000C /* weatherXTests.xctest */;
			productType = "com.apple.product-type.bundle.unit-test";
		};
		A00000000000000000000026 /* weatherXUITests */ = {
			isa = PBXNativeTarget;
			buildConfigurationList = A00000000000000000000053 /* Build configuration list for PBXNativeTarget "weatherXUITests" */;
			buildPhases = (
				A00000000000000000000046 /* Sources */,
				A00000000000000000000043 /* Frameworks */,
				A00000000000000000000049 /* Resources */,
			);
			buildRules = (
			);
			dependencies = (
				A00000000000000000000062 /* PBXTargetDependency */,
			);
			name = weatherXUITests;
			productName = weatherXUITests;
			productReference = A0000000000000000000000D /* weatherXUITests.xctest */;
			productType = "com.apple.product-type.bundle.ui-testing";
		};
/* End PBXNativeTarget section */

/* Begin PBXProject section */
		A00000000000000000000020 /* Project object */ = {
			isa = PBXProject;
			attributes = {
				BuildIndependentTargetsInParallel = 1;
				LastSwiftUpdateCheck = 1600;
				LastUpgradeCheck = 1600;
				TargetAttributes = {
					A00000000000000000000024 = {
						CreatedOnToolsVersion = 16.0;
					};
					A00000000000000000000025 = {
						CreatedOnToolsVersion = 16.0;
						TestTargetID = A00000000000000000000024;
					};
					A00000000000000000000026 = {
						CreatedOnToolsVersion = 16.0;
						TestTargetID = A00000000000000000000024;
					};
				};
			};
			buildConfigurationList = A00000000000000000000050 /* Build configuration list for PBXProject "weatherX" */;
			compatibilityVersion = "Xcode 14.0";
			developmentRegion = en;
			hasScannedForEncodings = 0;
			knownRegions = (
				en,
				Base,
			);
			mainGroup = A00000000000000000000021;
			productRefGroup = A00000000000000000000035 /* Products */;
			projectDirPath = "";
			projectRoot = "";
			targets = (
				A00000000000000000000024 /* weatherX */,
				A00000000000000000000025 /* weatherXTests */,
				A00000000000000000000026 /* weatherXUITests */,
			);
		};
/* End PBXProject section */

/* Begin PBXResourcesBuildPhase section */
		A00000000000000000000047 /* Resources */ = {
			isa = PBXResourcesBuildPhase;
			buildActionMask = 2147483647;
			files = (
				A00000000000000000000017 /* Assets.xcassets in Resources */,
			);
			runOnlyForDeploymentPostprocessing = 0;
		};
		A00000000000000000000048 /* Resources */ = {
			isa = PBXResourcesBuildPhase;
			buildActionMask = 2147483647;
			files = (
			);
			runOnlyForDeploymentPostprocessing = 0;
		};
		A00000000000000000000049 /* Resources */ = {
			isa = PBXResourcesBuildPhase;
			buildActionMask = 2147483647;
			files = (
			);
			runOnlyForDeploymentPostprocessing = 0;
		};
/* End PBXResourcesBuildPhase section */

/* Begin PBXSourcesBuildPhase section */
		A00000000000000000000044 /* Sources */ = {
			isa = PBXSourcesBuildPhase;
			buildActionMask = 2147483647;
			files = (
				A00000000000000000000011 /* WeatherXApp.swift in Sources */,
				A00000000000000000000012 /* WeatherCondition.swift in Sources */,
				A00000000000000000000013 /* WeatherSettings.swift in Sources */,
				A00000000000000000000014 /* WeatherViewModel.swift in Sources */,
				A00000000000000000000015 /* MenuContentView.swift in Sources */,
				A00000000000000000000016 /* StatusItemTestHarnessView.swift in Sources */,
			);
			runOnlyForDeploymentPostprocessing = 0;
		};
		A00000000000000000000045 /* Sources */ = {
			isa = PBXSourcesBuildPhase;
			buildActionMask = 2147483647;
			files = (
				A00000000000000000000018 /* WeatherViewModelTests.swift in Sources */,
			);
			runOnlyForDeploymentPostprocessing = 0;
		};
		A00000000000000000000046 /* Sources */ = {
			isa = PBXSourcesBuildPhase;
			buildActionMask = 2147483647;
			files = (
				A0000000000000000000001A /* weatherXUITests.swift in Sources */,
			);
			runOnlyForDeploymentPostprocessing = 0;
		};
/* End PBXSourcesBuildPhase section */

/* Begin PBXTargetDependency section */
		A00000000000000000000061 /* PBXTargetDependency */ = {
			isa = PBXTargetDependency;
			target = A00000000000000000000024 /* weatherX */;
			targetProxy = A00000000000000000000031 /* PBXContainerItemProxy */;
		};
		A00000000000000000000062 /* PBXTargetDependency */ = {
			isa = PBXTargetDependency;
			target = A00000000000000000000024 /* weatherX */;
			targetProxy = A00000000000000000000032 /* PBXContainerItemProxy */;
		};
/* End PBXTargetDependency section */

/* Begin XCBuildConfiguration section */
		A00000000000000000000070 /* Debug */ = {
			isa = XCBuildConfiguration;
			buildSettings = {
				ALWAYS_SEARCH_USER_PATHS = NO;
				CLANG_ENABLE_MODULES = YES;
				CLANG_ENABLE_OBJC_ARC = YES;
				COPY_PHASE_STRIP = NO;
				DEBUG_INFORMATION_FORMAT = dwarf;
				ENABLE_STRICT_OBJC_MSGSEND = YES;
				GCC_C_LANGUAGE_STANDARD = gnu17;
				GCC_NO_COMMON_BLOCKS = YES;
				MACOSX_DEPLOYMENT_TARGET = 13.0;
				SDKROOT = macosx;
				SWIFT_ACTIVE_COMPILATION_CONDITIONS = DEBUG;
				SWIFT_OPTIMIZATION_LEVEL = "-Onone";
			};
			name = Debug;
		};
		A00000000000000000000071 /* Release */ = {
			isa = XCBuildConfiguration;
			buildSettings = {
				ALWAYS_SEARCH_USER_PATHS = NO;
				CLANG_ENABLE_MODULES = YES;
				CLANG_ENABLE_OBJC_ARC = YES;
				COPY_PHASE_STRIP = NO;
				DEBUG_INFORMATION_FORMAT = "dwarf-with-dsym";
				ENABLE_NS_ASSERTIONS = NO;
				ENABLE_STRICT_OBJC_MSGSEND = YES;
				GCC_C_LANGUAGE_STANDARD = gnu17;
				GCC_NO_COMMON_BLOCKS = YES;
				MACOSX_DEPLOYMENT_TARGET = 13.0;
				SDKROOT = macosx;
				SWIFT_COMPILATION_MODE = wholemodule;
				SWIFT_OPTIMIZATION_LEVEL = "-O";
			};
			name = Release;
		};
		A00000000000000000000072 /* Debug */ = {
			isa = XCBuildConfiguration;
			buildSettings = {
				CODE_SIGN_STYLE = Automatic;
				CURRENT_PROJECT_VERSION = 1;
				ENABLE_PREVIEWS = YES;
				ENABLE_TESTABILITY = YES;
				GENERATE_INFOPLIST_FILE = YES;
				INFOPLIST_KEY_LSUIElement = YES;
				LD_RUNPATH_SEARCH_PATHS = (
					"$(inherited)",
					"@executable_path/../Frameworks",
				);
				MARKETING_VERSION = 1.0;
				PRODUCT_BUNDLE_IDENTIFIER = com.example.WeatherBarX;
				PRODUCT_NAME = WeatherBarX;
				PRODUCT_MODULE_NAME = weatherX;
				SWIFT_EMIT_LOC_STRINGS = YES;
				SWIFT_VERSION = 5.0;
			};
			name = Debug;
		};
		A00000000000000000000073 /* Release */ = {
			isa = XCBuildConfiguration;
			buildSettings = {
				CODE_SIGN_STYLE = Automatic;
				CURRENT_PROJECT_VERSION = 1;
				ENABLE_PREVIEWS = YES;
				GENERATE_INFOPLIST_FILE = YES;
				INFOPLIST_KEY_LSUIElement = YES;
				LD_RUNPATH_SEARCH_PATHS = (
					"$(inherited)",
					"@executable_path/../Frameworks",
				);
				MARKETING_VERSION = 1.0;
				PRODUCT_BUNDLE_IDENTIFIER = com.example.WeatherBarX;
				PRODUCT_NAME = WeatherBarX;
				PRODUCT_MODULE_NAME = weatherX;
				SWIFT_EMIT_LOC_STRINGS = YES;
				SWIFT_VERSION = 5.0;
			};
			name = Release;
		};
		A00000000000000000000074 /* Debug */ = {
			isa = XCBuildConfiguration;
			buildSettings = {
				BUNDLE_LOADER = "$(TEST_HOST)";
				CODE_SIGN_STYLE = Automatic;
				CURRENT_PROJECT_VERSION = 1;
				GENERATE_INFOPLIST_FILE = YES;
				LD_RUNPATH_SEARCH_PATHS = (
					"$(inherited)",
					"@executable_path/../Frameworks",
					"@loader_path/../Frameworks",
				);
				MACOSX_DEPLOYMENT_TARGET = 13.0;
				MARKETING_VERSION = 1.0;
				PRODUCT_BUNDLE_IDENTIFIER = com.example.weatherXTests;
				PRODUCT_NAME = "$(TARGET_NAME)";
				SWIFT_VERSION = 5.0;
				TEST_HOST = "$(BUILT_PRODUCTS_DIR)/WeatherBarX.app/Contents/MacOS/WeatherBarX";
			};
			name = Debug;
		};
		A00000000000000000000075 /* Release */ = {
			isa = XCBuildConfiguration;
			buildSettings = {
				BUNDLE_LOADER = "$(TEST_HOST)";
				CODE_SIGN_STYLE = Automatic;
				CURRENT_PROJECT_VERSION = 1;
				GENERATE_INFOPLIST_FILE = YES;
				LD_RUNPATH_SEARCH_PATHS = (
					"$(inherited)",
					"@executable_path/../Frameworks",
					"@loader_path/../Frameworks",
				);
				MACOSX_DEPLOYMENT_TARGET = 13.0;
				MARKETING_VERSION = 1.0;
				PRODUCT_BUNDLE_IDENTIFIER = com.example.weatherXTests;
				PRODUCT_NAME = "$(TARGET_NAME)";
				SWIFT_VERSION = 5.0;
				TEST_HOST = "$(BUILT_PRODUCTS_DIR)/WeatherBarX.app/Contents/MacOS/WeatherBarX";
			};
			name = Release;
		};
		A00000000000000000000076 /* Debug */ = {
			isa = XCBuildConfiguration;
			buildSettings = {
				CODE_SIGN_STYLE = Automatic;
				CURRENT_PROJECT_VERSION = 1;
				GENERATE_INFOPLIST_FILE = YES;
				LD_RUNPATH_SEARCH_PATHS = (
					"$(inherited)",
					"@executable_path/../Frameworks",
					"@loader_path/../Frameworks",
				);
				MACOSX_DEPLOYMENT_TARGET = 13.0;
				MARKETING_VERSION = 1.0;
				PRODUCT_BUNDLE_IDENTIFIER = com.example.weatherXUITests;
				PRODUCT_NAME = "$(TARGET_NAME)";
				SWIFT_VERSION = 5.0;
				TEST_TARGET_NAME = weatherX;
			};
			name = Debug;
		};
		A00000000000000000000077 /* Release */ = {
			isa = XCBuildConfiguration;
			buildSettings = {
				CODE_SIGN_STYLE = Automatic;
				CURRENT_PROJECT_VERSION = 1;
				GENERATE_INFOPLIST_FILE = YES;
				LD_RUNPATH_SEARCH_PATHS = (
					"$(inherited)",
					"@executable_path/../Frameworks",
					"@loader_path/../Frameworks",
				);
				MACOSX_DEPLOYMENT_TARGET = 13.0;
				MARKETING_VERSION = 1.0;
				PRODUCT_BUNDLE_IDENTIFIER = com.example.weatherXUITests;
				PRODUCT_NAME = "$(TARGET_NAME)";
				SWIFT_VERSION = 5.0;
				TEST_TARGET_NAME = weatherX;
			};
			name = Release;
		};
/* End XCBuildConfiguration section */

/* Begin XCConfigurationList section */
		A00000000000000000000050 /* Build configuration list for PBXProject "weatherX" */ = {
			isa = XCConfigurationList;
			buildConfigurations = (
				A00000000000000000000070 /* Debug */,
				A00000000000000000000071 /* Release */,
			);
			defaultConfigurationIsVisible = 0;
			defaultConfigurationName = Release;
		};
		A00000000000000000000051 /* Build configuration list for PBXNativeTarget "weatherX" */ = {
			isa = XCConfigurationList;
			buildConfigurations = (
				A00000000000000000000072 /* Debug */,
				A00000000000000000000073 /* Release */,
			);
			defaultConfigurationIsVisible = 0;
			defaultConfigurationName = Release;
		};
		A00000000000000000000052 /* Build configuration list for PBXNativeTarget "weatherXTests" */ = {
			isa = XCConfigurationList;
			buildConfigurations = (
				A00000000000000000000074 /* Debug */,
				A00000000000000000000075 /* Release */,
			);
			defaultConfigurationIsVisible = 0;
			defaultConfigurationName = Release;
		};
		A00000000000000000000053 /* Build configuration list for PBXNativeTarget "weatherXUITests" */ = {
			isa = XCConfigurationList;
			buildConfigurations = (
				A00000000000000000000076 /* Debug */,
				A00000000000000000000077 /* Release */,
			);
			defaultConfigurationIsVisible = 0;
			defaultConfigurationName = Release;
		};
/* End XCConfigurationList section */
	};
	rootObject = A00000000000000000000020 /* Project object */;
}
