// !$*UTF8*$!
{
	objectVersion = 56;
	classes = {
	};
	archiveVersion = 1;
	objects = {

/* Begin PBXBuildFile section */
		A1B2C3D71E1F000100000001 /* Assets.xcassets in Resources */ = {isa = PBXBuildFile; fileRef = A1B2C3D61E1F000100000001 /* Assets.xcassets */; };
		A1B2C3D41E1F000100000001 /* WeatherXApp.swift in Sources */ = {isa = PBXBuildFile; fileRef = A1B2C3D31E1F000100000001 /* WeatherXApp.swift */; };
/* End PBXBuildFile section */

/* Begin PBXFileReference section */
		A1B2C3D01E1F000100000001 /* weatherX.app */ = {isa = PBXFileReference; explicitFileType = wrapper.application; includeInIndex = 0; path = weatherX.app; sourceTree = BUILT_PRODUCTS_DIR; };
		A1B2C3D31E1F000100000001 /* WeatherXApp.swift */ = {isa = PBXFileReference; lastKnownFileType = sourcecode.swift; path = WeatherXApp.swift; sourceTree = "<group>"; };
		A1B2C3D61E1F000100000001 /* Assets.xcassets */ = {isa = PBXFileReference; lastKnownFileType = folder.assetcatalog; path = Assets.xcassets; sourceTree = "<group>"; };
/* End PBXFileReference section */

/* Begin PBXFrameworksBuildPhase section */
		A1B2C3CE1E1F000100000001 /* Frameworks */ = {
			isa = PBXFrameworksBuildPhase;
			buildActionMask = 2147483647;
			files = (
			);
			runOnlyForDeploymentPostprocessing = 0;
		};
/* End PBXFrameworksBuildPhase section */

/* Begin PBXGroup section */
		A1B2C3C71E1F000100000001 = {
			isa = PBXGroup;
			children = (
				A1B2C3D21E1F000100000001 /* weatherX */,
				A1B2C3CF1E1F000100000001 /* Products */,
			);
			sourceTree = "<group>";
		};
		A1B2C3CF1E1F000100000001 /* Products */ = {
			isa = PBXGroup;
			children = (
				A1B2C3D01E1F000100000001 /* weatherX.app */,
			);
			name = Products;
			sourceTree = "<group>";
		};
		A1B2C3D21E1F000100000001 /* weatherX */ = {
			isa = PBXGroup;
			children = (
				A1B2C3D31E1F000100000001 /* WeatherXApp.swift */,
				A1B2C3D61E1F000100000001 /* Assets.xcassets */,
			);
			path = weatherX;
			sourceTree = "<group>";
		};
/* End PBXGroup section */

/* Begin PBXNativeTarget section */
		A1B2C3CD1E1F000100000001 /* weatherX */ = {
			isa = PBXNativeTarget;
			buildConfigurationList = A1B2C3DA1E1F000100000001 /* Build configuration list for PBXNativeTarget "weatherX" */;
			buildPhases = (
				A1B2C3CA1E1F000100000001 /* Sources */,
				A1B2C3CE1E1F000100000001 /* Frameworks */,
				A1B2C3CB1E1F000100000001 /* Resources */,
			);
			buildRules = (
			);
			dependencies = (
			);
			name = weatherX;
			productName = weatherX;
			productReference = A1B2C3D01E1F000100000001 /* weatherX.app */;
			productType = "com.apple.product-type.application";
		};
/* End PBXNativeTarget section */

/* Begin PBXProject section */
		A1B2C3C81E1F000100000001 /* Project object */ = {
			isa = PBXProject;
			attributes = {
				BuildIndependentTargetsInParallel = 1;
				LastSwiftUpdateCheck = 1600;
				LastUpgradeCheck = 1600;
				TargetAttributes = {
					A1B2C3CD1E1F000100000001 = {
						CreatedOnToolsVersion = 16.0;
					};
				};
			};
			buildConfigurationList = A1B2C3C91E1F000100000001 /* Build configuration list for PBXProject "weatherX" */;
			compatibilityVersion = "Xcode 14.0";
			developmentRegion = en;
			hasScannedForEncodings = 0;
			knownRegions = (
				en,
				Base,
			);
			mainGroup = A1B2C3C71E1F000100000001;
			productRefGroup = A1B2C3CF1E1F000100000001 /* Products */;
			projectDirPath = "";
			projectRoot = "";
			targets = (
				A1B2C3CD1E1F000100000001 /* weatherX */,
			);
		};
/* End PBXProject section */

/* Begin PBXResourcesBuildPhase section */
		A1B2C3CB1E1F000100000001 /* Resources */ = {
			isa = PBXResourcesBuildPhase;
			buildActionMask = 2147483647;
			files = (
				A1B2C3D71E1F000100000001 /* Assets.xcassets in Resources */,
			);
			runOnlyForDeploymentPostprocessing = 0;
		};
/* End PBXResourcesBuildPhase section */

/* Begin PBXSourcesBuildPhase section */
		A1B2C3CA1E1F000100000001 /* Sources */ = {
			isa = PBXSourcesBuildPhase;
			buildActionMask = 2147483647;
			files = (
				A1B2C3D41E1F000100000001 /* WeatherXApp.swift in Sources */,
			);
			runOnlyForDeploymentPostprocessing = 0;
		};
/* End PBXSourcesBuildPhase section */

/* Begin XCBuildConfiguration section */
		A1B2C3D81E1F000100000001 /* Debug */ = {
			isa = XCBuildConfiguration;
			buildSettings = {
				ALWAYS_SEARCH_USER_PATHS = NO;
				CLANG_ENABLE_MODULES = YES;
				CLANG_ENABLE_OBJC_ARC = YES;
				COPY_PHASE_STRIP = NO;
				DEBUG_INFORMATION_FORMAT = dwarf;
				ENABLE_STRICT_OBJC_MSGSEND = YES;
				GCC_C_LANGUAGE_STANDARD = gnu17;
				GCC_NO_COMMON_BLOCKS = YES;
				MACOSX_DEPLOYMENT_TARGET = 13.0;
				SDKROOT = macosx;
				SWIFT_ACTIVE_COMPILATION_CONDITIONS = DEBUG;
				SWIFT_OPTIMIZATION_LEVEL = "-Onone";
			};
			name = Debug;
		};
		A1B2C3D91E1F000100000001 /* Release */ = {
			isa = XCBuildConfiguration;
			buildSettings = {
				ALWAYS_SEARCH_USER_PATHS = NO;
				CLANG_ENABLE_MODULES = YES;
				CLANG_ENABLE_OBJC_ARC = YES;
				COPY_PHASE_STRIP = NO;
				DEBUG_INFORMATION_FORMAT = "dwarf-with-dsym";
				ENABLE_NS_ASSERTIONS = NO;
				ENABLE_STRICT_OBJC_MSGSEND = YES;
				GCC_C_LANGUAGE_STANDARD = gnu17;
				GCC_NO_COMMON_BLOCKS = YES;
				MACOSX_DEPLOYMENT_TARGET = 13.0;
				SDKROOT = macosx;
				SWIFT_COMPILATION_MODE = wholemodule;
				SWIFT_OPTIMIZATION_LEVEL = "-O";
			};
			name = Release;
		};
		A1B2C3DB1E1F000100000001 /* Debug */ = {
			isa = XCBuildConfiguration;
			buildSettings = {
				CODE_SIGN_STYLE = Automatic;
				CURRENT_PROJECT_VERSION = 1;
				ENABLE_PREVIEWS = YES;
				GENERATE_INFOPLIST_FILE = YES;
				INFOPLIST_KEY_LSUIElement = YES;
				LD_RUNPATH_SEARCH_PATHS = (
					"$(inherited)",
					"@executable_path/../Frameworks",
				);
				MARKETING_VERSION = 1.0;
				PRODUCT_BUNDLE_IDENTIFIER = com.example.weatherX;
				PRODUCT_NAME = "$(TARGET_NAME)";
				REGISTER_APP_GROUPS = NO;
				SWIFT_EMIT_LOC_STRINGS = YES;
				SWIFT_VERSION = 5.0;
			};
			name = Debug;
		};
		A1B2C3DC1E1F000100000001 /* Release */ = {
			isa = XCBuildConfiguration;
			buildSettings = {
				CODE_SIGN_STYLE = Automatic;
				CURRENT_PROJECT_VERSION = 1;
				ENABLE_PREVIEWS = YES;
				GENERATE_INFOPLIST_FILE = YES;
				INFOPLIST_KEY_LSUIElement = YES;
				LD_RUNPATH_SEARCH_PATHS = (
					"$(inherited)",
					"@executable_path/../Frameworks",
				);
				MARKETING_VERSION = 1.0;
				PRODUCT_BUNDLE_IDENTIFIER = com.example.weatherX;
				PRODUCT_NAME = "$(TARGET_NAME)";
				REGISTER_APP_GROUPS = NO;
				SWIFT_EMIT_LOC_STRINGS = YES;
				SWIFT_VERSION = 5.0;
			};
			name = Release;
		};
/* End XCBuildConfiguration section */

/* Begin XCConfigurationList section */
		A1B2C3C91E1F000100000001 /* Build configuration list for PBXProject "weatherX" */ = {
			isa = XCConfigurationList;
			buildConfigurations = (
				A1B2C3D81E1F000100000001 /* Debug */,
				A1B2C3D91E1F000100000001 /* Release */,
			);
			defaultConfigurationIsVisible = 0;
			defaultConfigurationName = Release;
		};
		A1B2C3DA1E1F000100000001 /* Build configuration list for PBXNativeTarget "weatherX" */ = {
			isa = XCConfigurationList;
			buildConfigurations = (
				A1B2C3DB1E1F000100000001 /* Debug */,
				A1B2C3DC1E1F000100000001 /* Release */,
			);
			defaultConfigurationIsVisible = 0;
			defaultConfigurationName = Release;
		};
/* End XCConfigurationList section */
	};
	rootObject = A1B2C3C81E1F000100000001 /* Project object */;
}
